<?xml version="1.0" encoding="utf-8"?>
<Project ToolsVersion="4.0" xmlns="http://schemas.microsoft.com/developer/msbuild/2003">
  <ItemGroup>
    <Filter Include="Source Files">
      <UniqueIdentifier>{4FC737F1-C7A5-4376-A066-2A32D752A2FF}</UniqueIdentifier>
      <Extensions>cpp;c;cc;cxx;c++;cppm;ixx;def;odl;idl;hpj;bat;asm;asmx</Extensions>
    </Filter>
    <Filter Include="Header Files">
      <UniqueIdentifier>{93995380-89BD-4b04-88EB-625FBE52EBFB}</UniqueIdentifier>
      <Extensions>h;hh;hpp;hxx;h++;hm;inl;inc;ipp;xsd</Extensions>
    </Filter>
    <Filter Include="Resource Files">
      <UniqueIdentifier>{67DA6AB6-F800-4c08-8B7A-83BB121AAD01}</UniqueIdentifier>
      <Extensions>rc;ico;cur;bmp;dlg;rc2;rct;bin;rgs;gif;jpg;jpeg;jpe;resx;tiff;tif;png;wav;mfcribbon-ms</Extensions>
    </Filter>
    <Filter Include="Shapes">
      <UniqueIdentifier>{2fc27dc8-8fcf-4295-8f65-75a38cd49bfc}</UniqueIdentifier>
    </Filter>
    <Filter Include="Filling">
      <UniqueIdentifier>{e53f628a-9915-42d2-9654-831ed326bd73}</UniqueIdentifier>
    </Filter>
    <Filter Include="Clipping">
      <UniqueIdentifier>{ac586a91-022a-4c79-b1ef-aa853dc0a979}</UniqueIdentifier>
    </Filter>
  </ItemGroup>
  <ItemGroup>
    <ClCompile Include="Filling\FloodFillNonRecursive.cpp">
      <Filter>Filling</Filter>
    </ClCompile>
    <ClCompile Include="Shapes\BresLine.cpp">
      <Filter>Shapes</Filter>
    </ClCompile>
    <ClCompile Include="Filling\FloodFillRecursive.cpp">
      <Filter>Filling</Filter>
    </ClCompile>
    <ClCompile Include="Shapes\CircleBresenham.cpp">
      <Filter>Shapes</Filter>
    </ClCompile>
    <ClCompile Include="Shapes\CirclePolar.cpp">
      <Filter>Shapes</Filter>
    </ClCompile>
    <ClCompile Include="Shapes\CircleUtils.cpp">
      <Filter>Shapes</Filter>
    </ClCompile>
    <ClCompile Include="Clipping\PointClipping.cpp">
      <Filter>Clipping</Filter>
    </ClCompile>
    <ClCompile Include="Clipping\LineClipping.cpp">
      <Filter>Clipping</Filter>
    </ClCompile>
    <ClCompile Include="Clipping\PolygonClipping.cpp">
      <Filter>Clipping</Filter>
    </ClCompile>
    <ClCompile Include="Clipping\ClippingUtils.cpp">
      <Filter>Clipping</Filter>
    </ClCompile>
    <ClCompile Include="Clipping\ClippingMain.cpp">
      <Filter>Clipping</Filter>
    </ClCompile>
    <ClCompile Include="Main.cpp">
      <Filter>Source Files</Filter>
    </ClCompile>
    <ClCompile Include="Shapes\Ellipse.cpp">
      <Filter>Shapes</Filter>
    </ClCompile>
    <ClCompile Include="Filling\FillCircleCircles.cpp">
      <Filter>Filling</Filter>
    </ClCompile>
    <ClCompile Include="Filling\FillCircleWithLines.cpp">
      <Filter>Filling</Filter>
    </ClCompile>
    <ClCompile Include="Filling\FillSquareHermiteVertical.cpp">
      <Filter>Filling</Filter>
    </ClCompile>
    <ClCompile Include="Filling\FillRectangleBezier.cpp">
      <Filter>Filling</Filter>
    </ClCompile>
    <ClCompile Include="Filling\PolyFillConvex.cpp">
      <Filter>Filling</Filter>
    </ClCompile>
    <ClCompile Include="Filling\PolyFillNonConvex.cpp">
      <Filter>Filling</Filter>
    </ClCompile>
    <ClCompile Include="Shapes\Curve.cpp">
      <Filter>Shapes</Filter>
    </ClCompile>
    <ClCompile Include="Shapes\LineDDA.cpp">
      <Filter>Shapes</Filter>
    </ClCompile>
    <ClCompile Include="Shapes\LineParametric.cpp">
      <Filter>Shapes</Filter>
    </ClCompile>
    <ClCompile Include="Shapes\CircleDirect.cpp">
      <Filter>Shapes</Filter>
    </ClCompile>
    <ClCompile Include="Shapes\CircleIterPolar.cpp">
      <Filter>Shapes</Filter>
    </ClCompile>
    <ClCompile Include="Shapes\CircleMidpoint.cpp">
      <Filter>Shapes</Filter>
    </ClCompile>
    <ClCompile Include="Shapes\CircleMod.cpp">
      <Filter>Shapes</Filter>
    </ClCompile>
    <ClCompile Include="Clipping\CircleClipping.cpp">
      <Filter>Clipping</Filter>
    </ClCompile>
  </ItemGroup>
  <ItemGroup>
    <ClInclude Include="Filling\Fill.h">
      <Filter>Filling</Filter>
    </ClInclude>
    <ClInclude Include="Shapes\Circle.h">
      <Filter>Shapes</Filter>
    </ClInclude>
    <ClInclude Include="Clipping\Clipping.h">
      <Filter>Clipping</Filter>
    </ClInclude>
    <ClInclude Include="Shapes\Ellipse.h">
      <Filter>Shapes</Filter>
    </ClInclude>
    <ClInclude Include="Shapes\Curve.h">
      <Filter>Shapes</Filter>
    </ClInclude>
    <ClInclude Include="Shapes\Lines.h">
      <Filter>Source Files</Filter>
    </ClInclude>
  </ItemGroup>
</Project>